
Microsoft Visual Studio Solution File, Format Version 12.00
# Visual Studio Version 17
VisualStudioVersion = 17.9.34723.18
MinimumVisualStudioVersion = 10.0.40219.1
Project("{9A19103F-16F7-4668-BE54-9A1E7A4F7556}") = "DesktopAssistantAI", "DesktopAssistantAI\DesktopAssistantAI.csproj", "{0773FB90-4852-46F4-A827-AD5DB7925821}"
EndProject
Project("{9A19103F-16F7-4668-BE54-9A1E7A4F7556}") = "OpenAI", "..\_fork\openai\OpenAI.SDK\OpenAI.csproj", "{8E7CDCF3-8D10-4251-817F-292E932E1280}"
EndProject
Project("{54435603-DBB4-11D2-8724-00A0C9A8B90C}") = "Installer", "Installer\Installer.vdproj", "{D44D6572-E121-4F51-89B1-3F2D65332F2E}"
EndProject
Global
	GlobalSection(SolutionConfigurationPlatforms) = preSolution
		Debug|Any CPU = Debug|Any CPU
		Release|Any CPU = Release|Any CPU
	EndGlobalSection
	GlobalSection(ProjectConfigurationPlatforms) = postSolution
		{0773FB90-4852-46F4-A827-AD5DB7925821}.Debug|Any CPU.ActiveCfg = Debug|Any CPU
		{0773FB90-4852-46F4-A827-AD5DB7925821}.Debug|Any CPU.Build.0 = Debug|Any CPU
		{0773FB90-4852-46F4-A827-AD5DB7925821}.Release|Any CPU.ActiveCfg = Release|Any CPU
		{0773FB90-4852-46F4-A827-AD5DB7925821}.Release|Any CPU.Build.0 = Release|Any CPU
		{8E7CDCF3-8D10-4251-817F-292E932E1280}.Debug|Any CPU.ActiveCfg = Debug|Any CPU
		{8E7CDCF3-8D10-4251-817F-292E932E1280}.Debug|Any CPU.Build.0 = Debug|Any CPU
		{8E7CDCF3-8D10-4251-817F-292E932E1280}.Release|Any CPU.ActiveCfg = Release|Any CPU
		{8E7CDCF3-8D10-4251-817F-292E932E1280}.Release|Any CPU.Build.0 = Release|Any CPU
		{D44D6572-E121-4F51-89B1-3F2D65332F2E}.Debug|Any CPU.ActiveCfg = Debug
		{D44D6572-E121-4F51-89B1-3F2D65332F2E}.Release|Any CPU.ActiveCfg = Release
	EndGlobalSection
	GlobalSection(SolutionProperties) = preSolution
		HideSolutionNode = FALSE
	EndGlobalSection
	GlobalSection(ExtensibilityGlobals) = postSolution
		SolutionGuid = {487969FE-99C7-4FAE-862F-070A11EF0CB9}
	EndGlobalSection
EndGlobal
